// !$*UTF8*$!
{
	archiveVersion = 1;
	classes = {
	};
	objectVersion = 56;
	objects = {

/* Begin PBXBuildFile section */
		056952EDD4DB9D967C1F529D /* Pods_difflog_difflogUITests.framework in Frameworks */ = {isa = PBXBuildFile; fileRef = FE35E826BAC48634691D9000 /* Pods_difflog_difflogUITests.framework */; };
		19B1084EFA187538354D73D0 /* Pods_difflog.framework in Frameworks */ = {isa = PBXBuildFile; fileRef = 569C84A670A027FD0A73346D /* Pods_difflog.framework */; };
		6DE1657E2C78C89B00FDD6BF /* Location.swift in Sources */ = {isa = PBXBuildFile; fileRef = 6DE1657D2C78C89B00FDD6BF /* Location.swift */; };
		6DE165802C78CA2800FDD6BF /* Commit.swift in Sources */ = {isa = PBXBuildFile; fileRef = 6DE1657F2C78CA2800FDD6BF /* Commit.swift */; };
		6DE165822C78CB1F00FDD6BF /* Diff.swift in Sources */ = {isa = PBXBuildFile; fileRef = 6DE165812C78CB1F00FDD6BF /* Diff.swift */; };
		6DE165842C78CBC200FDD6BF /* ObjectDiff.swift in Sources */ = {isa = PBXBuildFile; fileRef = 6DE165832C78CBC200FDD6BF /* ObjectDiff.swift */; };
		86FBF42E2C77196000B0007E /* difflogApp.swift in Sources */ = {isa = PBXBuildFile; fileRef = 86FBF42D2C77196000B0007E /* difflogApp.swift */; };
		86FBF4302C77196000B0007E /* ContentView.swift in Sources */ = {isa = PBXBuildFile; fileRef = 86FBF42F2C77196000B0007E /* ContentView.swift */; };
		86FBF4322C77196000B0007E /* Item.swift in Sources */ = {isa = PBXBuildFile; fileRef = 86FBF4312C77196000B0007E /* Item.swift */; };
		86FBF4342C77196100B0007E /* Assets.xcassets in Resources */ = {isa = PBXBuildFile; fileRef = 86FBF4332C77196100B0007E /* Assets.xcassets */; };
		86FBF4382C77196100B0007E /* Preview Assets.xcassets in Resources */ = {isa = PBXBuildFile; fileRef = 86FBF4372C77196100B0007E /* Preview Assets.xcassets */; };
		86FBF4422C77196100B0007E /* difflogTests.swift in Sources */ = {isa = PBXBuildFile; fileRef = 86FBF4412C77196100B0007E /* difflogTests.swift */; };
		86FBF44C2C77196100B0007E /* difflogUITests.swift in Sources */ = {isa = PBXBuildFile; fileRef = 86FBF44B2C77196100B0007E /* difflogUITests.swift */; };
		86FBF44E2C77196100B0007E /* difflogUITestsLaunchTests.swift in Sources */ = {isa = PBXBuildFile; fileRef = 86FBF44D2C77196100B0007E /* difflogUITestsLaunchTests.swift */; };
		91C415B62C78620100B780E8 /* HomeView.swift in Sources */ = {isa = PBXBuildFile; fileRef = 91C415B52C78620100B780E8 /* HomeView.swift */; };
		91C415B82C78625200B780E8 /* AnalyticsView.swift in Sources */ = {isa = PBXBuildFile; fileRef = 91C415B72C78625200B780E8 /* AnalyticsView.swift */; };
		91C415BA2C78629400B780E8 /* TipsView.swift in Sources */ = {isa = PBXBuildFile; fileRef = 91C415B92C78629400B780E8 /* TipsView.swift */; };
		91C415BC2C7862B100B780E8 /* LocationListView.swift in Sources */ = {isa = PBXBuildFile; fileRef = 91C415BB2C7862B100B780E8 /* LocationListView.swift */; };
		91C415C12C7863BA00B780E8 /* LocationDetailsView.swift in Sources */ = {isa = PBXBuildFile; fileRef = 91C415C02C7863BA00B780E8 /* LocationDetailsView.swift */; };
		91C415C42C78647800B780E8 /* DeleteConfirmationView.swift in Sources */ = {isa = PBXBuildFile; fileRef = 91C415C32C78647800B780E8 /* DeleteConfirmationView.swift */; };
		91C415C62C78654D00B780E8 /* CreateLocationView.swift in Sources */ = {isa = PBXBuildFile; fileRef = 91C415C52C78654D00B780E8 /* CreateLocationView.swift */; };
		91C415CB2C7866A400B780E8 /* CaptureView.swift in Sources */ = {isa = PBXBuildFile; fileRef = 91C415CA2C7866A400B780E8 /* CaptureView.swift */; };
		91C415CE2C78B18D00B780E8 /* PhotoSelectionView.swift in Sources */ = {isa = PBXBuildFile; fileRef = 91C415CD2C78B18D00B780E8 /* PhotoSelectionView.swift */; };
		91C415D02C78B1B400B780E8 /* LodingView.swift in Sources */ = {isa = PBXBuildFile; fileRef = 91C415CF2C78B1B400B780E8 /* LodingView.swift */; };
		91C415D32C78B66000B780E8 /* CaptureResultView.swift in Sources */ = {isa = PBXBuildFile; fileRef = 91C415D22C78B66000B780E8 /* CaptureResultView.swift */; };
		91C415D52C78B76000B780E8 /* CommitEditView.swift in Sources */ = {isa = PBXBuildFile; fileRef = 91C415D42C78B76000B780E8 /* CommitEditView.swift */; };
		C4D1821CE2E14F5D3B89D1D4 /* Pods_difflogTests.framework in Frameworks */ = {isa = PBXBuildFile; fileRef = 4ACE145A28832EA0A10A5A66 /* Pods_difflogTests.framework */; };
/* End PBXBuildFile section */

/* Begin PBXContainerItemProxy section */
		86FBF43E2C77196100B0007E /* PBXContainerItemProxy */ = {
			isa = PBXContainerItemProxy;
			containerPortal = 86FBF4222C77196000B0007E /* Project object */;
			proxyType = 1;
			remoteGlobalIDString = 86FBF4292C77196000B0007E;
			remoteInfo = difflog;
		};
		86FBF4482C77196100B0007E /* PBXContainerItemProxy */ = {
			isa = PBXContainerItemProxy;
			containerPortal = 86FBF4222C77196000B0007E /* Project object */;
			proxyType = 1;
			remoteGlobalIDString = 86FBF4292C77196000B0007E;
			remoteInfo = difflog;
		};
/* End PBXContainerItemProxy section */

/* Begin PBXFileReference section */
		2340CBE8500220B0C5F9C0D4 /* Pods-difflog.debug.xcconfig */ = {isa = PBXFileReference; includeInIndex = 1; lastKnownFileType = text.xcconfig; name = "Pods-difflog.debug.xcconfig"; path = "Target Support Files/Pods-difflog/Pods-difflog.debug.xcconfig"; sourceTree = "<group>"; };
		2C9D7C556E737B90A775EA79 /* Pods-difflog.release.xcconfig */ = {isa = PBXFileReference; includeInIndex = 1; lastKnownFileType = text.xcconfig; name = "Pods-difflog.release.xcconfig"; path = "Target Support Files/Pods-difflog/Pods-difflog.release.xcconfig"; sourceTree = "<group>"; };
		3AFCB1744B1FFC6C63E633CD /* Pods-difflog-difflogUITests.debug.xcconfig */ = {isa = PBXFileReference; includeInIndex = 1; lastKnownFileType = text.xcconfig; name = "Pods-difflog-difflogUITests.debug.xcconfig"; path = "Target Support Files/Pods-difflog-difflogUITests/Pods-difflog-difflogUITests.debug.xcconfig"; sourceTree = "<group>"; };
		4ACE145A28832EA0A10A5A66 /* Pods_difflogTests.framework */ = {isa = PBXFileReference; explicitFileType = wrapper.framework; includeInIndex = 0; path = Pods_difflogTests.framework; sourceTree = BUILT_PRODUCTS_DIR; };
		569C84A670A027FD0A73346D /* Pods_difflog.framework */ = {isa = PBXFileReference; explicitFileType = wrapper.framework; includeInIndex = 0; path = Pods_difflog.framework; sourceTree = BUILT_PRODUCTS_DIR; };
		6DE1657D2C78C89B00FDD6BF /* Location.swift */ = {isa = PBXFileReference; lastKnownFileType = sourcecode.swift; path = Location.swift; sourceTree = "<group>"; };
		6DE1657F2C78CA2800FDD6BF /* Commit.swift */ = {isa = PBXFileReference; lastKnownFileType = sourcecode.swift; path = Commit.swift; sourceTree = "<group>"; };
		6DE165812C78CB1F00FDD6BF /* Diff.swift */ = {isa = PBXFileReference; lastKnownFileType = sourcecode.swift; path = Diff.swift; sourceTree = "<group>"; };
		6DE165832C78CBC200FDD6BF /* ObjectDiff.swift */ = {isa = PBXFileReference; lastKnownFileType = sourcecode.swift; path = ObjectDiff.swift; sourceTree = "<group>"; };
		86FBF42A2C77196000B0007E /* difflog.app */ = {isa = PBXFileReference; explicitFileType = wrapper.application; includeInIndex = 0; path = difflog.app; sourceTree = BUILT_PRODUCTS_DIR; };
		86FBF42D2C77196000B0007E /* difflogApp.swift */ = {isa = PBXFileReference; lastKnownFileType = sourcecode.swift; path = difflogApp.swift; sourceTree = "<group>"; };
		86FBF42F2C77196000B0007E /* ContentView.swift */ = {isa = PBXFileReference; lastKnownFileType = sourcecode.swift; path = ContentView.swift; sourceTree = "<group>"; };
		86FBF4312C77196000B0007E /* Item.swift */ = {isa = PBXFileReference; lastKnownFileType = sourcecode.swift; path = Item.swift; sourceTree = "<group>"; };
		86FBF4332C77196100B0007E /* Assets.xcassets */ = {isa = PBXFileReference; lastKnownFileType = folder.assetcatalog; path = Assets.xcassets; sourceTree = "<group>"; };
		86FBF4352C77196100B0007E /* difflog.entitlements */ = {isa = PBXFileReference; lastKnownFileType = text.plist.entitlements; path = difflog.entitlements; sourceTree = "<group>"; };
		86FBF4372C77196100B0007E /* Preview Assets.xcassets */ = {isa = PBXFileReference; lastKnownFileType = folder.assetcatalog; path = "Preview Assets.xcassets"; sourceTree = "<group>"; };
		86FBF43D2C77196100B0007E /* difflogTests.xctest */ = {isa = PBXFileReference; explicitFileType = wrapper.cfbundle; includeInIndex = 0; path = difflogTests.xctest; sourceTree = BUILT_PRODUCTS_DIR; };
		86FBF4412C77196100B0007E /* difflogTests.swift */ = {isa = PBXFileReference; lastKnownFileType = sourcecode.swift; path = difflogTests.swift; sourceTree = "<group>"; };
		86FBF4472C77196100B0007E /* difflogUITests.xctest */ = {isa = PBXFileReference; explicitFileType = wrapper.cfbundle; includeInIndex = 0; path = difflogUITests.xctest; sourceTree = BUILT_PRODUCTS_DIR; };
		86FBF44B2C77196100B0007E /* difflogUITests.swift */ = {isa = PBXFileReference; lastKnownFileType = sourcecode.swift; path = difflogUITests.swift; sourceTree = "<group>"; };
		86FBF44D2C77196100B0007E /* difflogUITestsLaunchTests.swift */ = {isa = PBXFileReference; lastKnownFileType = sourcecode.swift; path = difflogUITestsLaunchTests.swift; sourceTree = "<group>"; };
		8A4E9195E7F89166F6B0BC69 /* Pods-difflog-difflogUITests.release.xcconfig */ = {isa = PBXFileReference; includeInIndex = 1; lastKnownFileType = text.xcconfig; name = "Pods-difflog-difflogUITests.release.xcconfig"; path = "Target Support Files/Pods-difflog-difflogUITests/Pods-difflog-difflogUITests.release.xcconfig"; sourceTree = "<group>"; };
		91C415B52C78620100B780E8 /* HomeView.swift */ = {isa = PBXFileReference; lastKnownFileType = sourcecode.swift; path = HomeView.swift; sourceTree = "<group>"; };
		91C415B72C78625200B780E8 /* AnalyticsView.swift */ = {isa = PBXFileReference; lastKnownFileType = sourcecode.swift; path = AnalyticsView.swift; sourceTree = "<group>"; };
		91C415B92C78629400B780E8 /* TipsView.swift */ = {isa = PBXFileReference; lastKnownFileType = sourcecode.swift; path = TipsView.swift; sourceTree = "<group>"; };
		91C415BB2C7862B100B780E8 /* LocationListView.swift */ = {isa = PBXFileReference; lastKnownFileType = sourcecode.swift; path = LocationListView.swift; sourceTree = "<group>"; };
		91C415C02C7863BA00B780E8 /* LocationDetailsView.swift */ = {isa = PBXFileReference; lastKnownFileType = sourcecode.swift; path = LocationDetailsView.swift; sourceTree = "<group>"; };
		91C415C32C78647800B780E8 /* DeleteConfirmationView.swift */ = {isa = PBXFileReference; lastKnownFileType = sourcecode.swift; path = DeleteConfirmationView.swift; sourceTree = "<group>"; };
		91C415C52C78654D00B780E8 /* CreateLocationView.swift */ = {isa = PBXFileReference; lastKnownFileType = sourcecode.swift; path = CreateLocationView.swift; sourceTree = "<group>"; };
		91C415CA2C7866A400B780E8 /* CaptureView.swift */ = {isa = PBXFileReference; lastKnownFileType = sourcecode.swift; path = CaptureView.swift; sourceTree = "<group>"; };
		91C415CD2C78B18D00B780E8 /* PhotoSelectionView.swift */ = {isa = PBXFileReference; lastKnownFileType = sourcecode.swift; path = PhotoSelectionView.swift; sourceTree = "<group>"; };
		91C415CF2C78B1B400B780E8 /* LodingView.swift */ = {isa = PBXFileReference; lastKnownFileType = sourcecode.swift; path = LodingView.swift; sourceTree = "<group>"; };
		91C415D22C78B66000B780E8 /* CaptureResultView.swift */ = {isa = PBXFileReference; lastKnownFileType = sourcecode.swift; path = CaptureResultView.swift; sourceTree = "<group>"; };
		91C415D42C78B76000B780E8 /* CommitEditView.swift */ = {isa = PBXFileReference; lastKnownFileType = sourcecode.swift; path = CommitEditView.swift; sourceTree = "<group>"; };
		F65629F900AF2CF92F4E6601 /* Pods-difflogTests.debug.xcconfig */ = {isa = PBXFileReference; includeInIndex = 1; lastKnownFileType = text.xcconfig; name = "Pods-difflogTests.debug.xcconfig"; path = "Target Support Files/Pods-difflogTests/Pods-difflogTests.debug.xcconfig"; sourceTree = "<group>"; };
		FC8F4B51B4C94C3A99EB1301 /* Pods-difflogTests.release.xcconfig */ = {isa = PBXFileReference; includeInIndex = 1; lastKnownFileType = text.xcconfig; name = "Pods-difflogTests.release.xcconfig"; path = "Target Support Files/Pods-difflogTests/Pods-difflogTests.release.xcconfig"; sourceTree = "<group>"; };
		FE35E826BAC48634691D9000 /* Pods_difflog_difflogUITests.framework */ = {isa = PBXFileReference; explicitFileType = wrapper.framework; includeInIndex = 0; path = Pods_difflog_difflogUITests.framework; sourceTree = BUILT_PRODUCTS_DIR; };
/* End PBXFileReference section */

/* Begin PBXFrameworksBuildPhase section */
		86FBF4272C77196000B0007E /* Frameworks */ = {
			isa = PBXFrameworksBuildPhase;
			buildActionMask = 2147483647;
			files = (
				19B1084EFA187538354D73D0 /* Pods_difflog.framework in Frameworks */,
			);
			runOnlyForDeploymentPostprocessing = 0;
		};
		86FBF43A2C77196100B0007E /* Frameworks */ = {
			isa = PBXFrameworksBuildPhase;
			buildActionMask = 2147483647;
			files = (
				C4D1821CE2E14F5D3B89D1D4 /* Pods_difflogTests.framework in Frameworks */,
			);
			runOnlyForDeploymentPostprocessing = 0;
		};
		86FBF4442C77196100B0007E /* Frameworks */ = {
			isa = PBXFrameworksBuildPhase;
			buildActionMask = 2147483647;
			files = (
				056952EDD4DB9D967C1F529D /* Pods_difflog_difflogUITests.framework in Frameworks */,
			);
			runOnlyForDeploymentPostprocessing = 0;
		};
/* End PBXFrameworksBuildPhase section */

/* Begin PBXGroup section */
		6DE1657C2C78C86100FDD6BF /* Models */ = {
			isa = PBXGroup;
			children = (
				6DE1657D2C78C89B00FDD6BF /* Location.swift */,
				6DE1657F2C78CA2800FDD6BF /* Commit.swift */,
				6DE165812C78CB1F00FDD6BF /* Diff.swift */,
				6DE165832C78CBC200FDD6BF /* ObjectDiff.swift */,
			);
			path = Models;
			sourceTree = "<group>";
		};
		78E77B99223CA2D341B5E52E /* Pods */ = {
			isa = PBXGroup;
			children = (
				2340CBE8500220B0C5F9C0D4 /* Pods-difflog.debug.xcconfig */,
				2C9D7C556E737B90A775EA79 /* Pods-difflog.release.xcconfig */,
				3AFCB1744B1FFC6C63E633CD /* Pods-difflog-difflogUITests.debug.xcconfig */,
				8A4E9195E7F89166F6B0BC69 /* Pods-difflog-difflogUITests.release.xcconfig */,
				F65629F900AF2CF92F4E6601 /* Pods-difflogTests.debug.xcconfig */,
				FC8F4B51B4C94C3A99EB1301 /* Pods-difflogTests.release.xcconfig */,
			);
			path = Pods;
			sourceTree = "<group>";
		};
		86FBF4212C77196000B0007E = {
			isa = PBXGroup;
			children = (
				86FBF42C2C77196000B0007E /* difflog */,
				86FBF4402C77196100B0007E /* difflogTests */,
				86FBF44A2C77196100B0007E /* difflogUITests */,
				86FBF42B2C77196000B0007E /* Products */,
				78E77B99223CA2D341B5E52E /* Pods */,
				9A2F5923EF4E4EF75970FAC6 /* Frameworks */,
			);
			sourceTree = "<group>";
		};
		86FBF42B2C77196000B0007E /* Products */ = {
			isa = PBXGroup;
			children = (
				86FBF42A2C77196000B0007E /* difflog.app */,
				86FBF43D2C77196100B0007E /* difflogTests.xctest */,
				86FBF4472C77196100B0007E /* difflogUITests.xctest */,
			);
			name = Products;
			sourceTree = "<group>";
		};
		86FBF42C2C77196000B0007E /* difflog */ = {
			isa = PBXGroup;
			children = (
				6DE1657C2C78C86100FDD6BF /* Models */,
				91C415A92C784D9700B780E8 /* App */,
				91C415AB2C78528A00B780E8 /* View */,
				91C415B22C78582400B780E8 /* Reducer */,
				91C415B32C78586C00B780E8 /* Usecase */,
				91C415B42C7858A500B780E8 /* Repository */,
				91C415AC2C7852B500B780E8 /* Data */,
				91C415AA2C784EAC00B780E8 /* Assets */,
				86FBF4352C77196100B0007E /* difflog.entitlements */,
				86FBF4362C77196100B0007E /* Preview Content */,
			);
			path = difflog;
			sourceTree = "<group>";
		};
		86FBF4362C77196100B0007E /* Preview Content */ = {
			isa = PBXGroup;
			children = (
				86FBF4372C77196100B0007E /* Preview Assets.xcassets */,
			);
			path = "Preview Content";
			sourceTree = "<group>";
		};
		86FBF4402C77196100B0007E /* difflogTests */ = {
			isa = PBXGroup;
			children = (
				86FBF4412C77196100B0007E /* difflogTests.swift */,
			);
			path = difflogTests;
			sourceTree = "<group>";
		};
		86FBF44A2C77196100B0007E /* difflogUITests */ = {
			isa = PBXGroup;
			children = (
				86FBF44B2C77196100B0007E /* difflogUITests.swift */,
				86FBF44D2C77196100B0007E /* difflogUITestsLaunchTests.swift */,
			);
			path = difflogUITests;
			sourceTree = "<group>";
		};
		91C415A92C784D9700B780E8 /* App */ = {
			isa = PBXGroup;
			children = (
				86FBF42D2C77196000B0007E /* difflogApp.swift */,
			);
			path = App;
			sourceTree = "<group>";
		};
		91C415AA2C784EAC00B780E8 /* Assets */ = {
			isa = PBXGroup;
			children = (
				86FBF4332C77196100B0007E /* Assets.xcassets */,
			);
			path = Assets;
			sourceTree = "<group>";
		};
		91C415AB2C78528A00B780E8 /* View */ = {
			isa = PBXGroup;
			children = (
				91C415B12C78556100B780E8 /* Pages */,
				91C415B02C78555400B780E8 /* Templates */,
				91C415AF2C78554800B780E8 /* Organisms */,
				91C415AE2C78548F00B780E8 /* Molecules */,
				91C415AD2C78548200B780E8 /* Atoms */,
			);
			path = View;
			sourceTree = "<group>";
		};
		91C415AC2C7852B500B780E8 /* Data */ = {
			isa = PBXGroup;
			children = (
				86FBF4312C77196000B0007E /* Item.swift */,
			);
			path = Data;
			sourceTree = "<group>";
		};
		91C415AD2C78548200B780E8 /* Atoms */ = {
			isa = PBXGroup;
			children = (
			);
			path = Atoms;
			sourceTree = "<group>";
		};
		91C415AE2C78548F00B780E8 /* Molecules */ = {
			isa = PBXGroup;
			children = (
			);
			path = Molecules;
			sourceTree = "<group>";
		};
		91C415AF2C78554800B780E8 /* Organisms */ = {
			isa = PBXGroup;
			children = (
			);
			path = Organisms;
			sourceTree = "<group>";
		};
		91C415B02C78555400B780E8 /* Templates */ = {
			isa = PBXGroup;
			children = (
			);
			path = Templates;
			sourceTree = "<group>";
		};
		91C415B12C78556100B780E8 /* Pages */ = {
			isa = PBXGroup;
			children = (
				86FBF42F2C77196000B0007E /* ContentView.swift */,
				91C415C72C78660B00B780E8 /* Home */,
				91C415C92C78663700B780E8 /* CaptureFlow */,
				91C415D12C78B1BD00B780E8 /* Commit */,
				91C415C82C78661800B780E8 /* Analytics */,
				91C415BF2C78639000B780E8 /* Location */,
				91C415C22C7863CF00B780E8 /* Utils */,
			);
			path = Pages;
			sourceTree = "<group>";
		};
		91C415B22C78582400B780E8 /* Reducer */ = {
			isa = PBXGroup;
			children = (
			);
			path = Reducer;
			sourceTree = "<group>";
		};
		91C415B32C78586C00B780E8 /* Usecase */ = {
			isa = PBXGroup;
			children = (
			);
			path = Usecase;
			sourceTree = "<group>";
		};
		91C415B42C7858A500B780E8 /* Repository */ = {
			isa = PBXGroup;
			children = (
			);
			path = Repository;
			sourceTree = "<group>";
		};
		91C415BF2C78639000B780E8 /* Location */ = {
			isa = PBXGroup;
			children = (
				91C415BB2C7862B100B780E8 /* LocationListView.swift */,
				91C415C02C7863BA00B780E8 /* LocationDetailsView.swift */,
				91C415C52C78654D00B780E8 /* CreateLocationView.swift */,
			);
			path = Location;
			sourceTree = "<group>";
		};
		91C415C22C7863CF00B780E8 /* Utils */ = {
			isa = PBXGroup;
			children = (
				91C415B92C78629400B780E8 /* TipsView.swift */,
				91C415C32C78647800B780E8 /* DeleteConfirmationView.swift */,
				91C415CF2C78B1B400B780E8 /* LodingView.swift */,
			);
			path = Utils;
			sourceTree = "<group>";
		};
		91C415C72C78660B00B780E8 /* Home */ = {
			isa = PBXGroup;
			children = (
				91C415B52C78620100B780E8 /* HomeView.swift */,
			);
			path = Home;
			sourceTree = "<group>";
		};
		91C415C82C78661800B780E8 /* Analytics */ = {
			isa = PBXGroup;
			children = (
				91C415B72C78625200B780E8 /* AnalyticsView.swift */,
			);
			path = Analytics;
			sourceTree = "<group>";
		};
		91C415C92C78663700B780E8 /* CaptureFlow */ = {
			isa = PBXGroup;
			children = (
				91C415CA2C7866A400B780E8 /* CaptureView.swift */,
				91C415CD2C78B18D00B780E8 /* PhotoSelectionView.swift */,
			);
			path = CaptureFlow;
			sourceTree = "<group>";
		};
		91C415D12C78B1BD00B780E8 /* Commit */ = {
			isa = PBXGroup;
			children = (
				91C415D22C78B66000B780E8 /* CaptureResultView.swift */,
				91C415D42C78B76000B780E8 /* CommitEditView.swift */,
			);
			path = Commit;
			sourceTree = "<group>";
		};
		9A2F5923EF4E4EF75970FAC6 /* Frameworks */ = {
			isa = PBXGroup;
			children = (
				569C84A670A027FD0A73346D /* Pods_difflog.framework */,
				FE35E826BAC48634691D9000 /* Pods_difflog_difflogUITests.framework */,
				4ACE145A28832EA0A10A5A66 /* Pods_difflogTests.framework */,
			);
			name = Frameworks;
			sourceTree = "<group>";
		};
/* End PBXGroup section */

/* Begin PBXNativeTarget section */
		86FBF4292C77196000B0007E /* difflog */ = {
			isa = PBXNativeTarget;
			buildConfigurationList = 86FBF4512C77196100B0007E /* Build configuration list for PBXNativeTarget "difflog" */;
			buildPhases = (
				3108CC333CB816F780C142F5 /* [CP] Check Pods Manifest.lock */,
				86FBF4262C77196000B0007E /* Sources */,
				86FBF4272C77196000B0007E /* Frameworks */,
				86FBF4282C77196000B0007E /* Resources */,
				D9F3173CA4D5621CC32D1C16 /* [CP] Embed Pods Frameworks */,
			);
			buildRules = (
			);
			dependencies = (
			);
			name = difflog;
			productName = difflog;
			productReference = 86FBF42A2C77196000B0007E /* difflog.app */;
			productType = "com.apple.product-type.application";
		};
		86FBF43C2C77196100B0007E /* difflogTests */ = {
			isa = PBXNativeTarget;
			buildConfigurationList = 86FBF4542C77196100B0007E /* Build configuration list for PBXNativeTarget "difflogTests" */;
			buildPhases = (
				5D023F38A753D5317D8E1A0B /* [CP] Check Pods Manifest.lock */,
				86FBF4392C77196100B0007E /* Sources */,
				86FBF43A2C77196100B0007E /* Frameworks */,
				86FBF43B2C77196100B0007E /* Resources */,
			);
			buildRules = (
			);
			dependencies = (
				86FBF43F2C77196100B0007E /* PBXTargetDependency */,
			);
			name = difflogTests;
			productName = difflogTests;
			productReference = 86FBF43D2C77196100B0007E /* difflogTests.xctest */;
			productType = "com.apple.product-type.bundle.unit-test";
		};
		86FBF4462C77196100B0007E /* difflogUITests */ = {
			isa = PBXNativeTarget;
			buildConfigurationList = 86FBF4572C77196100B0007E /* Build configuration list for PBXNativeTarget "difflogUITests" */;
			buildPhases = (
				817CB622297945FD73D36825 /* [CP] Check Pods Manifest.lock */,
				86FBF4432C77196100B0007E /* Sources */,
				86FBF4442C77196100B0007E /* Frameworks */,
				86FBF4452C77196100B0007E /* Resources */,
				238752F06F1D67699C8BF6DD /* [CP] Embed Pods Frameworks */,
			);
			buildRules = (
			);
			dependencies = (
				86FBF4492C77196100B0007E /* PBXTargetDependency */,
			);
			name = difflogUITests;
			productName = difflogUITests;
			productReference = 86FBF4472C77196100B0007E /* difflogUITests.xctest */;
			productType = "com.apple.product-type.bundle.ui-testing";
		};
/* End PBXNativeTarget section */

/* Begin PBXProject section */
		86FBF4222C77196000B0007E /* Project object */ = {
			isa = PBXProject;
			attributes = {
				BuildIndependentTargetsInParallel = 1;
				LastSwiftUpdateCheck = 1540;
				LastUpgradeCheck = 1540;
				TargetAttributes = {
					86FBF4292C77196000B0007E = {
						CreatedOnToolsVersion = 15.4;
					};
					86FBF43C2C77196100B0007E = {
						CreatedOnToolsVersion = 15.4;
						TestTargetID = 86FBF4292C77196000B0007E;
					};
					86FBF4462C77196100B0007E = {
						CreatedOnToolsVersion = 15.4;
						TestTargetID = 86FBF4292C77196000B0007E;
					};
				};
			};
			buildConfigurationList = 86FBF4252C77196000B0007E /* Build configuration list for PBXProject "difflog" */;
			compatibilityVersion = "Xcode 14.0";
			developmentRegion = en;
			hasScannedForEncodings = 0;
			knownRegions = (
				en,
				Base,
			);
			mainGroup = 86FBF4212C77196000B0007E;
			packageReferences = (
				86E40CC32C772B91008B44FA /* XCRemoteSwiftPackageReference "swift-composable-architecture" */,
			);
			productRefGroup = 86FBF42B2C77196000B0007E /* Products */;
			projectDirPath = "";
			projectRoot = "";
			targets = (
				86FBF4292C77196000B0007E /* difflog */,
				86FBF43C2C77196100B0007E /* difflogTests */,
				86FBF4462C77196100B0007E /* difflogUITests */,
			);
		};
/* End PBXProject section */

/* Begin PBXResourcesBuildPhase section */
		86FBF4282C77196000B0007E /* Resources */ = {
			isa = PBXResourcesBuildPhase;
			buildActionMask = 2147483647;
			files = (
				86FBF4382C77196100B0007E /* Preview Assets.xcassets in Resources */,
				86FBF4342C77196100B0007E /* Assets.xcassets in Resources */,
			);
			runOnlyForDeploymentPostprocessing = 0;
		};
		86FBF43B2C77196100B0007E /* Resources */ = {
			isa = PBXResourcesBuildPhase;
			buildActionMask = 2147483647;
			files = (
			);
			runOnlyForDeploymentPostprocessing = 0;
		};
		86FBF4452C77196100B0007E /* Resources */ = {
			isa = PBXResourcesBuildPhase;
			buildActionMask = 2147483647;
			files = (
			);
			runOnlyForDeploymentPostprocessing = 0;
		};
/* End PBXResourcesBuildPhase section */

/* Begin PBXShellScriptBuildPhase section */
		238752F06F1D67699C8BF6DD /* [CP] Embed Pods Frameworks */ = {
			isa = PBXShellScriptBuildPhase;
			buildActionMask = 2147483647;
			files = (
			);
			inputFileListPaths = (
				"${PODS_ROOT}/Target Support Files/Pods-difflog-difflogUITests/Pods-difflog-difflogUITests-frameworks-${CONFIGURATION}-input-files.xcfilelist",
			);
			name = "[CP] Embed Pods Frameworks";
			outputFileListPaths = (
				"${PODS_ROOT}/Target Support Files/Pods-difflog-difflogUITests/Pods-difflog-difflogUITests-frameworks-${CONFIGURATION}-output-files.xcfilelist",
			);
			runOnlyForDeploymentPostprocessing = 0;
			shellPath = /bin/sh;
			shellScript = "\"${PODS_ROOT}/Target Support Files/Pods-difflog-difflogUITests/Pods-difflog-difflogUITests-frameworks.sh\"\n";
			showEnvVarsInLog = 0;
		};
		3108CC333CB816F780C142F5 /* [CP] Check Pods Manifest.lock */ = {
			isa = PBXShellScriptBuildPhase;
			buildActionMask = 2147483647;
			files = (
			);
			inputFileListPaths = (
			);
			inputPaths = (
				"${PODS_PODFILE_DIR_PATH}/Podfile.lock",
				"${PODS_ROOT}/Manifest.lock",
			);
			name = "[CP] Check Pods Manifest.lock";
			outputFileListPaths = (
			);
			outputPaths = (
				"$(DERIVED_FILE_DIR)/Pods-difflog-checkManifestLockResult.txt",
			);
			runOnlyForDeploymentPostprocessing = 0;
			shellPath = /bin/sh;
			shellScript = "diff \"${PODS_PODFILE_DIR_PATH}/Podfile.lock\" \"${PODS_ROOT}/Manifest.lock\" > /dev/null\nif [ $? != 0 ] ; then\n    # print error to STDERR\n    echo \"error: The sandbox is not in sync with the Podfile.lock. Run 'pod install' or update your CocoaPods installation.\" >&2\n    exit 1\nfi\n# This output is used by Xcode 'outputs' to avoid re-running this script phase.\necho \"SUCCESS\" > \"${SCRIPT_OUTPUT_FILE_0}\"\n";
			showEnvVarsInLog = 0;
		};
		5D023F38A753D5317D8E1A0B /* [CP] Check Pods Manifest.lock */ = {
			isa = PBXShellScriptBuildPhase;
			buildActionMask = 2147483647;
			files = (
			);
			inputFileListPaths = (
			);
			inputPaths = (
				"${PODS_PODFILE_DIR_PATH}/Podfile.lock",
				"${PODS_ROOT}/Manifest.lock",
			);
			name = "[CP] Check Pods Manifest.lock";
			outputFileListPaths = (
			);
			outputPaths = (
				"$(DERIVED_FILE_DIR)/Pods-difflogTests-checkManifestLockResult.txt",
			);
			runOnlyForDeploymentPostprocessing = 0;
			shellPath = /bin/sh;
			shellScript = "diff \"${PODS_PODFILE_DIR_PATH}/Podfile.lock\" \"${PODS_ROOT}/Manifest.lock\" > /dev/null\nif [ $? != 0 ] ; then\n    # print error to STDERR\n    echo \"error: The sandbox is not in sync with the Podfile.lock. Run 'pod install' or update your CocoaPods installation.\" >&2\n    exit 1\nfi\n# This output is used by Xcode 'outputs' to avoid re-running this script phase.\necho \"SUCCESS\" > \"${SCRIPT_OUTPUT_FILE_0}\"\n";
			showEnvVarsInLog = 0;
		};
		817CB622297945FD73D36825 /* [CP] Check Pods Manifest.lock */ = {
			isa = PBXShellScriptBuildPhase;
			buildActionMask = 2147483647;
			files = (
			);
			inputFileListPaths = (
			);
			inputPaths = (
				"${PODS_PODFILE_DIR_PATH}/Podfile.lock",
				"${PODS_ROOT}/Manifest.lock",
			);
			name = "[CP] Check Pods Manifest.lock";
			outputFileListPaths = (
			);
			outputPaths = (
				"$(DERIVED_FILE_DIR)/Pods-difflog-difflogUITests-checkManifestLockResult.txt",
			);
			runOnlyForDeploymentPostprocessing = 0;
			shellPath = /bin/sh;
			shellScript = "diff \"${PODS_PODFILE_DIR_PATH}/Podfile.lock\" \"${PODS_ROOT}/Manifest.lock\" > /dev/null\nif [ $? != 0 ] ; then\n    # print error to STDERR\n    echo \"error: The sandbox is not in sync with the Podfile.lock. Run 'pod install' or update your CocoaPods installation.\" >&2\n    exit 1\nfi\n# This output is used by Xcode 'outputs' to avoid re-running this script phase.\necho \"SUCCESS\" > \"${SCRIPT_OUTPUT_FILE_0}\"\n";
			showEnvVarsInLog = 0;
		};
		D9F3173CA4D5621CC32D1C16 /* [CP] Embed Pods Frameworks */ = {
			isa = PBXShellScriptBuildPhase;
			buildActionMask = 2147483647;
			files = (
			);
			inputFileListPaths = (
				"${PODS_ROOT}/Target Support Files/Pods-difflog/Pods-difflog-frameworks-${CONFIGURATION}-input-files.xcfilelist",
			);
			name = "[CP] Embed Pods Frameworks";
			outputFileListPaths = (
				"${PODS_ROOT}/Target Support Files/Pods-difflog/Pods-difflog-frameworks-${CONFIGURATION}-output-files.xcfilelist",
			);
			runOnlyForDeploymentPostprocessing = 0;
			shellPath = /bin/sh;
			shellScript = "\"${PODS_ROOT}/Target Support Files/Pods-difflog/Pods-difflog-frameworks.sh\"\n";
			showEnvVarsInLog = 0;
		};
/* End PBXShellScriptBuildPhase section */

/* Begin PBXSourcesBuildPhase section */
		86FBF4262C77196000B0007E /* Sources */ = {
			isa = PBXSourcesBuildPhase;
			buildActionMask = 2147483647;
			files = (
				91C415C42C78647800B780E8 /* DeleteConfirmationView.swift in Sources */,
				86FBF4302C77196000B0007E /* ContentView.swift in Sources */,
				6DE165802C78CA2800FDD6BF /* Commit.swift in Sources */,
				6DE1657E2C78C89B00FDD6BF /* Location.swift in Sources */,
				91C415D02C78B1B400B780E8 /* LodingView.swift in Sources */,
				91C415CE2C78B18D00B780E8 /* PhotoSelectionView.swift in Sources */,
				6DE165822C78CB1F00FDD6BF /* Diff.swift in Sources */,
				91C415D52C78B76000B780E8 /* CommitEditView.swift in Sources */,
				6DE165842C78CBC200FDD6BF /* ObjectDiff.swift in Sources */,
				91C415BA2C78629400B780E8 /* TipsView.swift in Sources */,
				91C415B62C78620100B780E8 /* HomeView.swift in Sources */,
				91C415D32C78B66000B780E8 /* CaptureResultView.swift in Sources */,
				86FBF4322C77196000B0007E /* Item.swift in Sources */,
				91C415BC2C7862B100B780E8 /* LocationListView.swift in Sources */,
				91C415B82C78625200B780E8 /* AnalyticsView.swift in Sources */,
				91C415C12C7863BA00B780E8 /* LocationDetailsView.swift in Sources */,
				86FBF42E2C77196000B0007E /* difflogApp.swift in Sources */,
				91C415CB2C7866A400B780E8 /* CaptureView.swift in Sources */,
				91C415C62C78654D00B780E8 /* CreateLocationView.swift in Sources */,
			);
			runOnlyForDeploymentPostprocessing = 0;
		};
		86FBF4392C77196100B0007E /* Sources */ = {
			isa = PBXSourcesBuildPhase;
			buildActionMask = 2147483647;
			files = (
				86FBF4422C77196100B0007E /* difflogTests.swift in Sources */,
			);
			runOnlyForDeploymentPostprocessing = 0;
		};
		86FBF4432C77196100B0007E /* Sources */ = {
			isa = PBXSourcesBuildPhase;
			buildActionMask = 2147483647;
			files = (
				86FBF44E2C77196100B0007E /* difflogUITestsLaunchTests.swift in Sources */,
				86FBF44C2C77196100B0007E /* difflogUITests.swift in Sources */,
			);
			runOnlyForDeploymentPostprocessing = 0;
		};
/* End PBXSourcesBuildPhase section */

/* Begin PBXTargetDependency section */
		86FBF43F2C77196100B0007E /* PBXTargetDependency */ = {
			isa = PBXTargetDependency;
			target = 86FBF4292C77196000B0007E /* difflog */;
			targetProxy = 86FBF43E2C77196100B0007E /* PBXContainerItemProxy */;
		};
		86FBF4492C77196100B0007E /* PBXTargetDependency */ = {
			isa = PBXTargetDependency;
			target = 86FBF4292C77196000B0007E /* difflog */;
			targetProxy = 86FBF4482C77196100B0007E /* PBXContainerItemProxy */;
		};
/* End PBXTargetDependency section */

/* Begin XCBuildConfiguration section */
		86FBF44F2C77196100B0007E /* Debug */ = {
			isa = XCBuildConfiguration;
			buildSettings = {
				ALWAYS_SEARCH_USER_PATHS = NO;
				ASSETCATALOG_COMPILER_GENERATE_SWIFT_ASSET_SYMBOL_EXTENSIONS = YES;
				CLANG_ANALYZER_NONNULL = YES;
				CLANG_ANALYZER_NUMBER_OBJECT_CONVERSION = YES_AGGRESSIVE;
				CLANG_CXX_LANGUAGE_STANDARD = "gnu++20";
				CLANG_ENABLE_MODULES = YES;
				CLANG_ENABLE_OBJC_ARC = YES;
				CLANG_ENABLE_OBJC_WEAK = YES;
				CLANG_WARN_BLOCK_CAPTURE_AUTORELEASING = YES;
				CLANG_WARN_BOOL_CONVERSION = YES;
				CLANG_WARN_COMMA = YES;
				CLANG_WARN_CONSTANT_CONVERSION = YES;
				CLANG_WARN_DEPRECATED_OBJC_IMPLEMENTATIONS = YES;
				CLANG_WARN_DIRECT_OBJC_ISA_USAGE = YES_ERROR;
				CLANG_WARN_DOCUMENTATION_COMMENTS = YES;
				CLANG_WARN_EMPTY_BODY = YES;
				CLANG_WARN_ENUM_CONVERSION = YES;
				CLANG_WARN_INFINITE_RECURSION = YES;
				CLANG_WARN_INT_CONVERSION = YES;
				CLANG_WARN_NON_LITERAL_NULL_CONVERSION = YES;
				CLANG_WARN_OBJC_IMPLICIT_RETAIN_SELF = YES;
				CLANG_WARN_OBJC_LITERAL_CONVERSION = YES;
				CLANG_WARN_OBJC_ROOT_CLASS = YES_ERROR;
				CLANG_WARN_QUOTED_INCLUDE_IN_FRAMEWORK_HEADER = YES;
				CLANG_WARN_RANGE_LOOP_ANALYSIS = YES;
				CLANG_WARN_STRICT_PROTOTYPES = YES;
				CLANG_WARN_SUSPICIOUS_MOVE = YES;
				CLANG_WARN_UNGUARDED_AVAILABILITY = YES_AGGRESSIVE;
				CLANG_WARN_UNREACHABLE_CODE = YES;
				CLANG_WARN__DUPLICATE_METHOD_MATCH = YES;
				COPY_PHASE_STRIP = NO;
				DEBUG_INFORMATION_FORMAT = dwarf;
				ENABLE_STRICT_OBJC_MSGSEND = YES;
				ENABLE_TESTABILITY = YES;
				ENABLE_USER_SCRIPT_SANDBOXING = NO;
				GCC_C_LANGUAGE_STANDARD = gnu17;
				GCC_DYNAMIC_NO_PIC = NO;
				GCC_NO_COMMON_BLOCKS = YES;
				GCC_OPTIMIZATION_LEVEL = 0;
				GCC_PREPROCESSOR_DEFINITIONS = (
					"DEBUG=1",
					"$(inherited)",
				);
				GCC_WARN_64_TO_32_BIT_CONVERSION = YES;
				GCC_WARN_ABOUT_RETURN_TYPE = YES_ERROR;
				GCC_WARN_UNDECLARED_SELECTOR = YES;
				GCC_WARN_UNINITIALIZED_AUTOS = YES_AGGRESSIVE;
				GCC_WARN_UNUSED_FUNCTION = YES;
				GCC_WARN_UNUSED_VARIABLE = YES;
				LOCALIZATION_PREFERS_STRING_CATALOGS = YES;
				MTL_ENABLE_DEBUG_INFO = INCLUDE_SOURCE;
				MTL_FAST_MATH = YES;
				ONLY_ACTIVE_ARCH = YES;
				SWIFT_ACTIVE_COMPILATION_CONDITIONS = "DEBUG $(inherited)";
				SWIFT_OPTIMIZATION_LEVEL = "-Onone";
			};
			name = Debug;
		};
		86FBF4502C77196100B0007E /* Release */ = {
			isa = XCBuildConfiguration;
			buildSettings = {
				ALWAYS_SEARCH_USER_PATHS = NO;
				ASSETCATALOG_COMPILER_GENERATE_SWIFT_ASSET_SYMBOL_EXTENSIONS = YES;
				CLANG_ANALYZER_NONNULL = YES;
				CLANG_ANALYZER_NUMBER_OBJECT_CONVERSION = YES_AGGRESSIVE;
				CLANG_CXX_LANGUAGE_STANDARD = "gnu++20";
				CLANG_ENABLE_MODULES = YES;
				CLANG_ENABLE_OBJC_ARC = YES;
				CLANG_ENABLE_OBJC_WEAK = YES;
				CLANG_WARN_BLOCK_CAPTURE_AUTORELEASING = YES;
				CLANG_WARN_BOOL_CONVERSION = YES;
				CLANG_WARN_COMMA = YES;
				CLANG_WARN_CONSTANT_CONVERSION = YES;
				CLANG_WARN_DEPRECATED_OBJC_IMPLEMENTATIONS = YES;
				CLANG_WARN_DIRECT_OBJC_ISA_USAGE = YES_ERROR;
				CLANG_WARN_DOCUMENTATION_COMMENTS = YES;
				CLANG_WARN_EMPTY_BODY = YES;
				CLANG_WARN_ENUM_CONVERSION = YES;
				CLANG_WARN_INFINITE_RECURSION = YES;
				CLANG_WARN_INT_CONVERSION = YES;
				CLANG_WARN_NON_LITERAL_NULL_CONVERSION = YES;
				CLANG_WARN_OBJC_IMPLICIT_RETAIN_SELF = YES;
				CLANG_WARN_OBJC_LITERAL_CONVERSION = YES;
				CLANG_WARN_OBJC_ROOT_CLASS = YES_ERROR;
				CLANG_WARN_QUOTED_INCLUDE_IN_FRAMEWORK_HEADER = YES;
				CLANG_WARN_RANGE_LOOP_ANALYSIS = YES;
				CLANG_WARN_STRICT_PROTOTYPES = YES;
				CLANG_WARN_SUSPICIOUS_MOVE = YES;
				CLANG_WARN_UNGUARDED_AVAILABILITY = YES_AGGRESSIVE;
				CLANG_WARN_UNREACHABLE_CODE = YES;
				CLANG_WARN__DUPLICATE_METHOD_MATCH = YES;
				COPY_PHASE_STRIP = NO;
				DEBUG_INFORMATION_FORMAT = "dwarf-with-dsym";
				ENABLE_NS_ASSERTIONS = NO;
				ENABLE_STRICT_OBJC_MSGSEND = YES;
				ENABLE_USER_SCRIPT_SANDBOXING = NO;
				GCC_C_LANGUAGE_STANDARD = gnu17;
				GCC_NO_COMMON_BLOCKS = YES;
				GCC_WARN_64_TO_32_BIT_CONVERSION = YES;
				GCC_WARN_ABOUT_RETURN_TYPE = YES_ERROR;
				GCC_WARN_UNDECLARED_SELECTOR = YES;
				GCC_WARN_UNINITIALIZED_AUTOS = YES_AGGRESSIVE;
				GCC_WARN_UNUSED_FUNCTION = YES;
				GCC_WARN_UNUSED_VARIABLE = YES;
				LOCALIZATION_PREFERS_STRING_CATALOGS = YES;
				MTL_ENABLE_DEBUG_INFO = NO;
				MTL_FAST_MATH = YES;
				SWIFT_COMPILATION_MODE = wholemodule;
			};
			name = Release;
		};
		86FBF4522C77196100B0007E /* Debug */ = {
			isa = XCBuildConfiguration;
			baseConfigurationReference = 2340CBE8500220B0C5F9C0D4 /* Pods-difflog.debug.xcconfig */;
			buildSettings = {
				ASSETCATALOG_COMPILER_APPICON_NAME = AppIcon;
				ASSETCATALOG_COMPILER_GLOBAL_ACCENT_COLOR_NAME = AccentColor;
				CODE_SIGN_ENTITLEMENTS = difflog/difflog.entitlements;
				CODE_SIGN_STYLE = Automatic;
				CURRENT_PROJECT_VERSION = 1;
				DEVELOPMENT_ASSET_PATHS = "\"difflog/Preview Content\"";
				DEVELOPMENT_TEAM = 8X36L56SFQ;
				ENABLE_PREVIEWS = YES;
				GENERATE_INFOPLIST_FILE = YES;
				"INFOPLIST_KEY_UIApplicationSceneManifest_Generation[sdk=iphoneos*]" = YES;
				"INFOPLIST_KEY_UIApplicationSceneManifest_Generation[sdk=iphonesimulator*]" = YES;
				"INFOPLIST_KEY_UIApplicationSupportsIndirectInputEvents[sdk=iphoneos*]" = YES;
				"INFOPLIST_KEY_UIApplicationSupportsIndirectInputEvents[sdk=iphonesimulator*]" = YES;
				"INFOPLIST_KEY_UILaunchScreen_Generation[sdk=iphoneos*]" = YES;
				"INFOPLIST_KEY_UILaunchScreen_Generation[sdk=iphonesimulator*]" = YES;
				"INFOPLIST_KEY_UIStatusBarStyle[sdk=iphoneos*]" = UIStatusBarStyleDefault;
				"INFOPLIST_KEY_UIStatusBarStyle[sdk=iphonesimulator*]" = UIStatusBarStyleDefault;
				INFOPLIST_KEY_UISupportedInterfaceOrientations_iPad = "UIInterfaceOrientationPortrait UIInterfaceOrientationPortraitUpsideDown UIInterfaceOrientationLandscapeLeft UIInterfaceOrientationLandscapeRight";
				INFOPLIST_KEY_UISupportedInterfaceOrientations_iPhone = "UIInterfaceOrientationPortrait UIInterfaceOrientationLandscapeLeft UIInterfaceOrientationLandscapeRight";
				IPHONEOS_DEPLOYMENT_TARGET = 17.5;
				LD_RUNPATH_SEARCH_PATHS = "@executable_path/Frameworks";
				"LD_RUNPATH_SEARCH_PATHS[sdk=macosx*]" = "@executable_path/../Frameworks";
				MACOSX_DEPLOYMENT_TARGET = 14.0;
				MARKETING_VERSION = 1.0;
				PRODUCT_BUNDLE_IDENTIFIER = GreenTeaProgrammers.difflog;
				PRODUCT_NAME = "$(TARGET_NAME)";
				SDKROOT = auto;
				SUPPORTED_PLATFORMS = "iphoneos iphonesimulator macosx";
				SWIFT_EMIT_LOC_STRINGS = YES;
				SWIFT_VERSION = 5.0;
				TARGETED_DEVICE_FAMILY = "1,2";
			};
			name = Debug;
		};
		86FBF4532C77196100B0007E /* Release */ = {
			isa = XCBuildConfiguration;
			baseConfigurationReference = 2C9D7C556E737B90A775EA79 /* Pods-difflog.release.xcconfig */;
			buildSettings = {
				ASSETCATALOG_COMPILER_APPICON_NAME = AppIcon;
				ASSETCATALOG_COMPILER_GLOBAL_ACCENT_COLOR_NAME = AccentColor;
				CODE_SIGN_ENTITLEMENTS = difflog/difflog.entitlements;
				CODE_SIGN_STYLE = Automatic;
				CURRENT_PROJECT_VERSION = 1;
				DEVELOPMENT_ASSET_PATHS = "\"difflog/Preview Content\"";
				DEVELOPMENT_TEAM = 8X36L56SFQ;
				ENABLE_PREVIEWS = YES;
				GENERATE_INFOPLIST_FILE = YES;
				"INFOPLIST_KEY_UIApplicationSceneManifest_Generation[sdk=iphoneos*]" = YES;
				"INFOPLIST_KEY_UIApplicationSceneManifest_Generation[sdk=iphonesimulator*]" = YES;
				"INFOPLIST_KEY_UIApplicationSupportsIndirectInputEvents[sdk=iphoneos*]" = YES;
				"INFOPLIST_KEY_UIApplicationSupportsIndirectInputEvents[sdk=iphonesimulator*]" = YES;
				"INFOPLIST_KEY_UILaunchScreen_Generation[sdk=iphoneos*]" = YES;
				"INFOPLIST_KEY_UILaunchScreen_Generation[sdk=iphonesimulator*]" = YES;
				"INFOPLIST_KEY_UIStatusBarStyle[sdk=iphoneos*]" = UIStatusBarStyleDefault;
				"INFOPLIST_KEY_UIStatusBarStyle[sdk=iphonesimulator*]" = UIStatusBarStyleDefault;
				INFOPLIST_KEY_UISupportedInterfaceOrientations_iPad = "UIInterfaceOrientationPortrait UIInterfaceOrientationPortraitUpsideDown UIInterfaceOrientationLandscapeLeft UIInterfaceOrientationLandscapeRight";
				INFOPLIST_KEY_UISupportedInterfaceOrientations_iPhone = "UIInterfaceOrientationPortrait UIInterfaceOrientationLandscapeLeft UIInterfaceOrientationLandscapeRight";
				IPHONEOS_DEPLOYMENT_TARGET = 17.5;
				LD_RUNPATH_SEARCH_PATHS = "@executable_path/Frameworks";
				"LD_RUNPATH_SEARCH_PATHS[sdk=macosx*]" = "@executable_path/../Frameworks";
				MACOSX_DEPLOYMENT_TARGET = 14.0;
				MARKETING_VERSION = 1.0;
				PRODUCT_BUNDLE_IDENTIFIER = GreenTeaProgrammers.difflog;
				PRODUCT_NAME = "$(TARGET_NAME)";
				SDKROOT = auto;
				SUPPORTED_PLATFORMS = "iphoneos iphonesimulator macosx";
				SWIFT_EMIT_LOC_STRINGS = YES;
				SWIFT_VERSION = 5.0;
				TARGETED_DEVICE_FAMILY = "1,2";
			};
			name = Release;
		};
		86FBF4552C77196100B0007E /* Debug */ = {
			isa = XCBuildConfiguration;
			baseConfigurationReference = F65629F900AF2CF92F4E6601 /* Pods-difflogTests.debug.xcconfig */;
			buildSettings = {
				ALWAYS_EMBED_SWIFT_STANDARD_LIBRARIES = YES;
				BUNDLE_LOADER = "$(TEST_HOST)";
				CODE_SIGN_STYLE = Automatic;
				CURRENT_PROJECT_VERSION = 1;
				GENERATE_INFOPLIST_FILE = YES;
				IPHONEOS_DEPLOYMENT_TARGET = 17.5;
				MACOSX_DEPLOYMENT_TARGET = 14.1;
				MARKETING_VERSION = 1.0;
				PRODUCT_BUNDLE_IDENTIFIER = GreenTeaProgrammers.difflogTests;
				PRODUCT_NAME = "$(TARGET_NAME)";
				SDKROOT = auto;
				SUPPORTED_PLATFORMS = "iphoneos iphonesimulator macosx";
				SWIFT_EMIT_LOC_STRINGS = NO;
				SWIFT_VERSION = 5.0;
				TARGETED_DEVICE_FAMILY = "1,2";
				TEST_HOST = "$(BUILT_PRODUCTS_DIR)/difflog.app/$(BUNDLE_EXECUTABLE_FOLDER_PATH)/difflog";
			};
			name = Debug;
		};
		86FBF4562C77196100B0007E /* Release */ = {
			isa = XCBuildConfiguration;
			baseConfigurationReference = FC8F4B51B4C94C3A99EB1301 /* Pods-difflogTests.release.xcconfig */;
			buildSettings = {
				ALWAYS_EMBED_SWIFT_STANDARD_LIBRARIES = YES;
				BUNDLE_LOADER = "$(TEST_HOST)";
				CODE_SIGN_STYLE = Automatic;
				CURRENT_PROJECT_VERSION = 1;
				GENERATE_INFOPLIST_FILE = YES;
				IPHONEOS_DEPLOYMENT_TARGET = 17.5;
				MACOSX_DEPLOYMENT_TARGET = 14.1;
				MARKETING_VERSION = 1.0;
				PRODUCT_BUNDLE_IDENTIFIER = GreenTeaProgrammers.difflogTests;
				PRODUCT_NAME = "$(TARGET_NAME)";
				SDKROOT = auto;
				SUPPORTED_PLATFORMS = "iphoneos iphonesimulator macosx";
				SWIFT_EMIT_LOC_STRINGS = NO;
				SWIFT_VERSION = 5.0;
				TARGETED_DEVICE_FAMILY = "1,2";
				TEST_HOST = "$(BUILT_PRODUCTS_DIR)/difflog.app/$(BUNDLE_EXECUTABLE_FOLDER_PATH)/difflog";
			};
			name = Release;
		};
		86FBF4582C77196100B0007E /* Debug */ = {
			isa = XCBuildConfiguration;
			baseConfigurationReference = 3AFCB1744B1FFC6C63E633CD /* Pods-difflog-difflogUITests.debug.xcconfig */;
			buildSettings = {
				ALWAYS_EMBED_SWIFT_STANDARD_LIBRARIES = YES;
				CODE_SIGN_STYLE = Automatic;
				CURRENT_PROJECT_VERSION = 1;
				GENERATE_INFOPLIST_FILE = YES;
				IPHONEOS_DEPLOYMENT_TARGET = 17.5;
				MACOSX_DEPLOYMENT_TARGET = 14.1;
				MARKETING_VERSION = 1.0;
				PRODUCT_BUNDLE_IDENTIFIER = GreenTeaProgrammers.difflogUITests;
				PRODUCT_NAME = "$(TARGET_NAME)";
				SDKROOT = auto;
				SUPPORTED_PLATFORMS = "iphoneos iphonesimulator macosx";
				SWIFT_EMIT_LOC_STRINGS = NO;
				SWIFT_VERSION = 5.0;
				TARGETED_DEVICE_FAMILY = "1,2";
				TEST_TARGET_NAME = difflog;
			};
			name = Debug;
		};
		86FBF4592C77196100B0007E /* Release */ = {
			isa = XCBuildConfiguration;
			baseConfigurationReference = 8A4E9195E7F89166F6B0BC69 /* Pods-difflog-difflogUITests.release.xcconfig */;
			buildSettings = {
				ALWAYS_EMBED_SWIFT_STANDARD_LIBRARIES = YES;
				CODE_SIGN_STYLE = Automatic;
				CURRENT_PROJECT_VERSION = 1;
				GENERATE_INFOPLIST_FILE = YES;
				IPHONEOS_DEPLOYMENT_TARGET = 17.5;
				MACOSX_DEPLOYMENT_TARGET = 14.1;
				MARKETING_VERSION = 1.0;
				PRODUCT_BUNDLE_IDENTIFIER = GreenTeaProgrammers.difflogUITests;
				PRODUCT_NAME = "$(TARGET_NAME)";
				SDKROOT = auto;
				SUPPORTED_PLATFORMS = "iphoneos iphonesimulator macosx";
				SWIFT_EMIT_LOC_STRINGS = NO;
				SWIFT_VERSION = 5.0;
				TARGETED_DEVICE_FAMILY = "1,2";
				TEST_TARGET_NAME = difflog;
			};
			name = Release;
		};
/* End XCBuildConfiguration section */

/* Begin XCConfigurationList section */
		86FBF4252C77196000B0007E /* Build configuration list for PBXProject "difflog" */ = {
			isa = XCConfigurationList;
			buildConfigurations = (
				86FBF44F2C77196100B0007E /* Debug */,
				86FBF4502C77196100B0007E /* Release */,
			);
			defaultConfigurationIsVisible = 0;
			defaultConfigurationName = Release;
		};
		86FBF4512C77196100B0007E /* Build configuration list for PBXNativeTarget "difflog" */ = {
			isa = XCConfigurationList;
			buildConfigurations = (
				86FBF4522C77196100B0007E /* Debug */,
				86FBF4532C77196100B0007E /* Release */,
			);
			defaultConfigurationIsVisible = 0;
			defaultConfigurationName = Release;
		};
		86FBF4542C77196100B0007E /* Build configuration list for PBXNativeTarget "difflogTests" */ = {
			isa = XCConfigurationList;
			buildConfigurations = (
				86FBF4552C77196100B0007E /* Debug */,
				86FBF4562C77196100B0007E /* Release */,
			);
			defaultConfigurationIsVisible = 0;
			defaultConfigurationName = Release;
		};
		86FBF4572C77196100B0007E /* Build configuration list for PBXNativeTarget "difflogUITests" */ = {
			isa = XCConfigurationList;
			buildConfigurations = (
				86FBF4582C77196100B0007E /* Debug */,
				86FBF4592C77196100B0007E /* Release */,
			);
			defaultConfigurationIsVisible = 0;
			defaultConfigurationName = Release;
		};
/* End XCConfigurationList section */

/* Begin XCRemoteSwiftPackageReference section */
		86E40CC32C772B91008B44FA /* XCRemoteSwiftPackageReference "swift-composable-architecture" */ = {
			isa = XCRemoteSwiftPackageReference;
			repositoryURL = "https://github.com/pointfreeco/swift-composable-architecture";
			requirement = {
				kind = upToNextMajorVersion;
				minimumVersion = 1.13.0;
			};
		};
/* End XCRemoteSwiftPackageReference section */
	};
	rootObject = 86FBF4222C77196000B0007E /* Project object */;
}
